
Microsoft Visual Studio Solution File, Format Version 12.00
# Visual Studio Version 17
VisualStudioVersion = 17.13.35825.156
MinimumVisualStudioVersion = 10.0.40219.1
Project("{FAE04EC0-301F-11D3-BF4B-00C04F79EFBC}") = "AtelierStocks", "AtelierStocks\AtelierStocks.csproj", "{A429BAEB-06CE-49B8-9623-D644890F03A1}"
EndProject
Project("{FAE04EC0-301F-11D3-BF4B-00C04F79EFBC}") = "TestProduit", "TestProduit\TestProduit.csproj", "{418A6D3B-066A-4C69-831E-26C549E5D5A7}"
EndProject
Global
	GlobalSection(SolutionConfigurationPlatforms) = preSolution
		Debug|Any CPU = Debug|Any CPU
		Release|Any CPU = Release|Any CPU
	EndGlobalSection
	GlobalSection(ProjectConfigurationPlatforms) = postSolution
		{A429BAEB-06CE-49B8-9623-D644890F03A1}.Debug|Any CPU.ActiveCfg = Debug|Any CPU
		{A429BAEB-06CE-49B8-9623-D644890F03A1}.Debug|Any CPU.Build.0 = Debug|Any CPU
		{A429BAEB-06CE-49B8-9623-D644890F03A1}.Release|Any CPU.ActiveCfg = Release|Any CPU
		{A429BAEB-06CE-49B8-9623-D644890F03A1}.Release|Any CPU.Build.0 = Release|Any CPU
		{418A6D3B-066A-4C69-831E-26C549E5D5A7}.Debug|Any CPU.ActiveCfg = Debug|Any CPU
		{418A6D3B-066A-4C69-831E-26C549E5D5A7}.Debug|Any CPU.Build.0 = Debug|Any CPU
		{418A6D3B-066A-4C69-831E-26C549E5D5A7}.Release|Any CPU.ActiveCfg = Release|Any CPU
		{418A6D3B-066A-4C69-831E-26C549E5D5A7}.Release|Any CPU.Build.0 = Release|Any CPU
	EndGlobalSection
	GlobalSection(SolutionProperties) = preSolution
		HideSolutionNode = FALSE
	EndGlobalSection
	GlobalSection(ExtensibilityGlobals) = postSolution
		SolutionGuid = {47FCAD86-EA1F-42F6-BDDE-D4A922CBD394}
	EndGlobalSection
EndGlobal
